
Microsoft Visual Studio Solution File, Format Version 12.00
# Visual Studio 14
VisualStudioVersion = 14.0.25420.1
MinimumVisualStudioVersion = 10.0.40219.1
Project("{2150E333-8FDC-42A3-9474-1A3956D46DE8}") = "00 - Sistema", "00 - Sistema", "{481AEFBF-E859-4331-AB5D-B3AA24B25370}"
EndProject
Project("{2150E333-8FDC-42A3-9474-1A3956D46DE8}") = "01 - Testes", "01 - Testes", "{87828509-DB04-4873-9922-78FF4765C55C}"
EndProject
Project("{2150E333-8FDC-42A3-9474-1A3956D46DE8}") = "01 - Unitarios", "01 - Unitarios", "{8CF3757F-A70B-4672-BF1E-8A98B9EF7E67}"
EndProject
Project("{2150E333-8FDC-42A3-9474-1A3956D46DE8}") = "02 - Integracao", "02 - Integracao", "{24A96FC4-B81C-4C8A-82FB-B1A4D1C6B8B2}"
EndProject
Project("{2150E333-8FDC-42A3-9474-1A3956D46DE8}") = "03 - Performance", "03 - Performance", "{5D85C26B-6F84-4CC2-866B-700FF1B689C8}"
EndProject
Project("{2150E333-8FDC-42A3-9474-1A3956D46DE8}") = "01 - WebAPI", "01 - WebAPI", "{089E4765-A099-4E78-B2CA-918287BAEDF0}"
EndProject
Project("{2150E333-8FDC-42A3-9474-1A3956D46DE8}") = "02 - Aplicacao", "02 - Aplicacao", "{D97E155D-EC39-4F9B-ABA2-F6DDDB8B11B3}"
EndProject
Project("{2150E333-8FDC-42A3-9474-1A3956D46DE8}") = "03 - Dominio", "03 - Dominio", "{A43BA138-0DFF-471C-82AC-0420EAB5E474}"
EndProject
Project("{2150E333-8FDC-42A3-9474-1A3956D46DE8}") = "04 - Infraestrutura", "04 - Infraestrutura", "{A7EB5F05-D187-4BB3-9B6E-653B6F13B10F}"
EndProject
Project("{FAE04EC0-301F-11D3-BF4B-00C04F79EFBC}") = "SimasoftCorp.DesafioStone.Infraestrutura", "SimasoftCorp.DesafioStone.Infraestrutura\SimasoftCorp.DesafioStone.Infraestrutura.csproj", "{CF7AB227-2E76-4A79-9D0A-8A23FBDD9106}"
EndProject
Project("{FAE04EC0-301F-11D3-BF4B-00C04F79EFBC}") = "SimasoftCorp.DesafioStone.Dominio", "SimasoftCorp.DesafioStone.Dominio\SimasoftCorp.DesafioStone.Dominio.csproj", "{023923DF-0160-48E3-A27B-B23161928F60}"
EndProject
Project("{FAE04EC0-301F-11D3-BF4B-00C04F79EFBC}") = "SimasoftCorp.DesafioStone.Aplicacao", "SimasoftCorp.DesafioStone.Aplicacao\SimasoftCorp.DesafioStone.Aplicacao.csproj", "{59210BC5-4332-4E14-8B66-9BD889D57CA4}"
EndProject
Project("{FAE04EC0-301F-11D3-BF4B-00C04F79EFBC}") = "SimasoftCorp.DesafioStone.WebApi", "SimasoftCorp.DesafioStone.WebApi\SimasoftCorp.DesafioStone.WebApi.csproj", "{E38C6014-5C96-44BB-952A-3A28D4D8AAE1}"
EndProject
Project("{FAE04EC0-301F-11D3-BF4B-00C04F79EFBC}") = "SimasoftCorp.DesafioStone.Dominio.NucleoCompartilhado.Comum", "SimasoftCorp.DesafioStone.Dominio.KernelCompartilhado\SimasoftCorp.DesafioStone.Dominio.NucleoCompartilhado.Comum.csproj", "{55BC4EE9-CAB6-4916-94A7-B7BC16126EFA}"
EndProject
Project("{FAE04EC0-301F-11D3-BF4B-00C04F79EFBC}") = "SimasoftCorp.DesafioStone.Dominio.NucleoCompartilhado", "SimasoftCorp.DesafioStone.Dominio.NucleoCompartilhado\SimasoftCorp.DesafioStone.Dominio.NucleoCompartilhado.csproj", "{0DF801B0-EFD8-4D9C-85F8-E2769D13C3B6}"
EndProject
Project("{2150E333-8FDC-42A3-9474-1A3956D46DE8}") = "0 - Aplicacao", "0 - Aplicacao", "{B05CA35B-0BE8-46E9-B040-467CDFCC3613}"
EndProject
Project("{2150E333-8FDC-42A3-9474-1A3956D46DE8}") = "1 - Dominio", "1 - Dominio", "{C78F6DB3-3E86-4514-A4DD-209E0438BA66}"
EndProject
Project("{2150E333-8FDC-42A3-9474-1A3956D46DE8}") = "2 - Infraestrutura", "2 - Infraestrutura", "{AA671CBF-03FF-47E9-AB68-FA6DC7DD0DB2}"
EndProject
Project("{FAE04EC0-301F-11D3-BF4B-00C04F79EFBC}") = "Teste.DesafioStone.Aplicacao", "Teste.DesafioStone.Aplicacao\Teste.DesafioStone.Aplicacao.csproj", "{07160255-87D7-4B63-B626-820988605E04}"
EndProject
Project("{FAE04EC0-301F-11D3-BF4B-00C04F79EFBC}") = "Teste.DesafioStone.Dominio", "Teste.DesafioStone.Dominio\Teste.DesafioStone.Dominio.csproj", "{1500968F-FCE5-436B-AAF0-3ED632D68564}"
EndProject
Project("{FAE04EC0-301F-11D3-BF4B-00C04F79EFBC}") = "Teste.DesafioStone.Infraestrutura", "Teste.DesafioStone.Infraestrutura\Teste.DesafioStone.Infraestrutura.csproj", "{914B44BD-48A8-4EAC-89CD-4235B1969AF6}"
EndProject
Project("{FAE04EC0-301F-11D3-BF4B-00C04F79EFBC}") = "Teste.DesafioStone.Integracao", "Teste.DesafioStone.Integracao\Teste.DesafioStone.Integracao.csproj", "{15F318B6-B093-43A8-97BE-BF6776BB4B60}"
EndProject
Project("{FAE04EC0-301F-11D3-BF4B-00C04F79EFBC}") = "Teste.DesafioStone.Performance", "Teste.DesafioStone.Performance\Teste.DesafioStone.Performance.csproj", "{150AB54A-BC25-493D-A90C-98A43D80A6B4}"
EndProject
Project("{2150E333-8FDC-42A3-9474-1A3956D46DE8}") = "Solution Items", "Solution Items", "{D2D99620-64F5-45C2-A04C-BB4A81E7CD9F}"
	ProjectSection(SolutionItems) = preProject
		Local.testsettings = Local.testsettings
	EndProjectSection
EndProject
Project("{FAE04EC0-301F-11D3-BF4B-00C04F79EFBC}") = "Teste.DesafioStone.NucleoCompartilhado", "Teste.DesafioStone.NucleoCompartilhado\Teste.DesafioStone.NucleoCompartilhado.csproj", "{5188B560-C811-4F96-B074-2F02CD5A00CB}"
EndProject
Project("{2150E333-8FDC-42A3-9474-1A3956D46DE8}") = "05 - Crosscutting", "05 - Crosscutting", "{436874C6-F17E-4C66-8F97-C8E2A9BF0041}"
EndProject
Project("{FAE04EC0-301F-11D3-BF4B-00C04F79EFBC}") = "SimasoftCorp.DesafioStone.Crosscutting", "SimasoftCorp.DesafioStone.Crosscutting\SimasoftCorp.DesafioStone.Crosscutting.csproj", "{ECDB3F24-9080-412C-BA43-651D2D4114D1}"
EndProject
Project("{2150E333-8FDC-42A3-9474-1A3956D46DE8}") = "3 - Crosscutting", "3 - Crosscutting", "{BE067813-E714-4CCD-AD23-9A9A1B66BEA0}"
EndProject
Project("{FAE04EC0-301F-11D3-BF4B-00C04F79EFBC}") = "Teste.DesafioStone.Crosscutting", "Teste.DesafioStone.Crosscutting\Teste.DesafioStone.Crosscutting.csproj", "{800E2B61-4879-4987-9727-CC4E66E78CB6}"
EndProject
Global
	GlobalSection(SolutionConfigurationPlatforms) = preSolution
		Debug|Any CPU = Debug|Any CPU
		Release|Any CPU = Release|Any CPU
	EndGlobalSection
	GlobalSection(ProjectConfigurationPlatforms) = postSolution
		{CF7AB227-2E76-4A79-9D0A-8A23FBDD9106}.Debug|Any CPU.ActiveCfg = Debug|Any CPU
		{CF7AB227-2E76-4A79-9D0A-8A23FBDD9106}.Debug|Any CPU.Build.0 = Debug|Any CPU
		{CF7AB227-2E76-4A79-9D0A-8A23FBDD9106}.Release|Any CPU.ActiveCfg = Release|Any CPU
		{CF7AB227-2E76-4A79-9D0A-8A23FBDD9106}.Release|Any CPU.Build.0 = Release|Any CPU
		{023923DF-0160-48E3-A27B-B23161928F60}.Debug|Any CPU.ActiveCfg = Debug|Any CPU
		{023923DF-0160-48E3-A27B-B23161928F60}.Debug|Any CPU.Build.0 = Debug|Any CPU
		{023923DF-0160-48E3-A27B-B23161928F60}.Release|Any CPU.ActiveCfg = Release|Any CPU
		{023923DF-0160-48E3-A27B-B23161928F60}.Release|Any CPU.Build.0 = Release|Any CPU
		{59210BC5-4332-4E14-8B66-9BD889D57CA4}.Debug|Any CPU.ActiveCfg = Debug|Any CPU
		{59210BC5-4332-4E14-8B66-9BD889D57CA4}.Debug|Any CPU.Build.0 = Debug|Any CPU
		{59210BC5-4332-4E14-8B66-9BD889D57CA4}.Release|Any CPU.ActiveCfg = Release|Any CPU
		{59210BC5-4332-4E14-8B66-9BD889D57CA4}.Release|Any CPU.Build.0 = Release|Any CPU
		{E38C6014-5C96-44BB-952A-3A28D4D8AAE1}.Debug|Any CPU.ActiveCfg = Debug|Any CPU
		{E38C6014-5C96-44BB-952A-3A28D4D8AAE1}.Debug|Any CPU.Build.0 = Debug|Any CPU
		{E38C6014-5C96-44BB-952A-3A28D4D8AAE1}.Release|Any CPU.ActiveCfg = Release|Any CPU
		{E38C6014-5C96-44BB-952A-3A28D4D8AAE1}.Release|Any CPU.Build.0 = Release|Any CPU
		{55BC4EE9-CAB6-4916-94A7-B7BC16126EFA}.Debug|Any CPU.ActiveCfg = Debug|Any CPU
		{55BC4EE9-CAB6-4916-94A7-B7BC16126EFA}.Debug|Any CPU.Build.0 = Debug|Any CPU
		{55BC4EE9-CAB6-4916-94A7-B7BC16126EFA}.Release|Any CPU.ActiveCfg = Release|Any CPU
		{55BC4EE9-CAB6-4916-94A7-B7BC16126EFA}.Release|Any CPU.Build.0 = Release|Any CPU
		{0DF801B0-EFD8-4D9C-85F8-E2769D13C3B6}.Debug|Any CPU.ActiveCfg = Debug|Any CPU
		{0DF801B0-EFD8-4D9C-85F8-E2769D13C3B6}.Debug|Any CPU.Build.0 = Debug|Any CPU
		{0DF801B0-EFD8-4D9C-85F8-E2769D13C3B6}.Release|Any CPU.ActiveCfg = Release|Any CPU
		{0DF801B0-EFD8-4D9C-85F8-E2769D13C3B6}.Release|Any CPU.Build.0 = Release|Any CPU
		{07160255-87D7-4B63-B626-820988605E04}.Debug|Any CPU.ActiveCfg = Debug|Any CPU
		{07160255-87D7-4B63-B626-820988605E04}.Debug|Any CPU.Build.0 = Debug|Any CPU
		{07160255-87D7-4B63-B626-820988605E04}.Release|Any CPU.ActiveCfg = Release|Any CPU
		{07160255-87D7-4B63-B626-820988605E04}.Release|Any CPU.Build.0 = Release|Any CPU
		{1500968F-FCE5-436B-AAF0-3ED632D68564}.Debug|Any CPU.ActiveCfg = Debug|Any CPU
		{1500968F-FCE5-436B-AAF0-3ED632D68564}.Debug|Any CPU.Build.0 = Debug|Any CPU
		{1500968F-FCE5-436B-AAF0-3ED632D68564}.Release|Any CPU.ActiveCfg = Release|Any CPU
		{1500968F-FCE5-436B-AAF0-3ED632D68564}.Release|Any CPU.Build.0 = Release|Any CPU
		{914B44BD-48A8-4EAC-89CD-4235B1969AF6}.Debug|Any CPU.ActiveCfg = Debug|Any CPU
		{914B44BD-48A8-4EAC-89CD-4235B1969AF6}.Debug|Any CPU.Build.0 = Debug|Any CPU
		{914B44BD-48A8-4EAC-89CD-4235B1969AF6}.Release|Any CPU.ActiveCfg = Release|Any CPU
		{914B44BD-48A8-4EAC-89CD-4235B1969AF6}.Release|Any CPU.Build.0 = Release|Any CPU
		{15F318B6-B093-43A8-97BE-BF6776BB4B60}.Debug|Any CPU.ActiveCfg = Debug|Any CPU
		{15F318B6-B093-43A8-97BE-BF6776BB4B60}.Debug|Any CPU.Build.0 = Debug|Any CPU
		{15F318B6-B093-43A8-97BE-BF6776BB4B60}.Release|Any CPU.ActiveCfg = Release|Any CPU
		{15F318B6-B093-43A8-97BE-BF6776BB4B60}.Release|Any CPU.Build.0 = Release|Any CPU
		{150AB54A-BC25-493D-A90C-98A43D80A6B4}.Debug|Any CPU.ActiveCfg = Debug|Any CPU
		{150AB54A-BC25-493D-A90C-98A43D80A6B4}.Debug|Any CPU.Build.0 = Debug|Any CPU
		{150AB54A-BC25-493D-A90C-98A43D80A6B4}.Release|Any CPU.ActiveCfg = Release|Any CPU
		{150AB54A-BC25-493D-A90C-98A43D80A6B4}.Release|Any CPU.Build.0 = Release|Any CPU
		{5188B560-C811-4F96-B074-2F02CD5A00CB}.Debug|Any CPU.ActiveCfg = Debug|Any CPU
		{5188B560-C811-4F96-B074-2F02CD5A00CB}.Debug|Any CPU.Build.0 = Debug|Any CPU
		{5188B560-C811-4F96-B074-2F02CD5A00CB}.Release|Any CPU.ActiveCfg = Release|Any CPU
		{5188B560-C811-4F96-B074-2F02CD5A00CB}.Release|Any CPU.Build.0 = Release|Any CPU
		{ECDB3F24-9080-412C-BA43-651D2D4114D1}.Debug|Any CPU.ActiveCfg = Debug|Any CPU
		{ECDB3F24-9080-412C-BA43-651D2D4114D1}.Debug|Any CPU.Build.0 = Debug|Any CPU
		{ECDB3F24-9080-412C-BA43-651D2D4114D1}.Release|Any CPU.ActiveCfg = Release|Any CPU
		{ECDB3F24-9080-412C-BA43-651D2D4114D1}.Release|Any CPU.Build.0 = Release|Any CPU
		{800E2B61-4879-4987-9727-CC4E66E78CB6}.Debug|Any CPU.ActiveCfg = Debug|Any CPU
		{800E2B61-4879-4987-9727-CC4E66E78CB6}.Debug|Any CPU.Build.0 = Debug|Any CPU
		{800E2B61-4879-4987-9727-CC4E66E78CB6}.Release|Any CPU.ActiveCfg = Release|Any CPU
		{800E2B61-4879-4987-9727-CC4E66E78CB6}.Release|Any CPU.Build.0 = Release|Any CPU
	EndGlobalSection
	GlobalSection(SolutionProperties) = preSolution
		HideSolutionNode = FALSE
	EndGlobalSection
	GlobalSection(NestedProjects) = preSolution
		{8CF3757F-A70B-4672-BF1E-8A98B9EF7E67} = {87828509-DB04-4873-9922-78FF4765C55C}
		{24A96FC4-B81C-4C8A-82FB-B1A4D1C6B8B2} = {87828509-DB04-4873-9922-78FF4765C55C}
		{5D85C26B-6F84-4CC2-866B-700FF1B689C8} = {87828509-DB04-4873-9922-78FF4765C55C}
		{089E4765-A099-4E78-B2CA-918287BAEDF0} = {481AEFBF-E859-4331-AB5D-B3AA24B25370}
		{D97E155D-EC39-4F9B-ABA2-F6DDDB8B11B3} = {481AEFBF-E859-4331-AB5D-B3AA24B25370}
		{A43BA138-0DFF-471C-82AC-0420EAB5E474} = {481AEFBF-E859-4331-AB5D-B3AA24B25370}
		{A7EB5F05-D187-4BB3-9B6E-653B6F13B10F} = {481AEFBF-E859-4331-AB5D-B3AA24B25370}
		{CF7AB227-2E76-4A79-9D0A-8A23FBDD9106} = {A7EB5F05-D187-4BB3-9B6E-653B6F13B10F}
		{023923DF-0160-48E3-A27B-B23161928F60} = {A43BA138-0DFF-471C-82AC-0420EAB5E474}
		{59210BC5-4332-4E14-8B66-9BD889D57CA4} = {D97E155D-EC39-4F9B-ABA2-F6DDDB8B11B3}
		{E38C6014-5C96-44BB-952A-3A28D4D8AAE1} = {089E4765-A099-4E78-B2CA-918287BAEDF0}
		{55BC4EE9-CAB6-4916-94A7-B7BC16126EFA} = {A43BA138-0DFF-471C-82AC-0420EAB5E474}
		{0DF801B0-EFD8-4D9C-85F8-E2769D13C3B6} = {A43BA138-0DFF-471C-82AC-0420EAB5E474}
		{B05CA35B-0BE8-46E9-B040-467CDFCC3613} = {8CF3757F-A70B-4672-BF1E-8A98B9EF7E67}
		{C78F6DB3-3E86-4514-A4DD-209E0438BA66} = {8CF3757F-A70B-4672-BF1E-8A98B9EF7E67}
		{AA671CBF-03FF-47E9-AB68-FA6DC7DD0DB2} = {8CF3757F-A70B-4672-BF1E-8A98B9EF7E67}
		{07160255-87D7-4B63-B626-820988605E04} = {B05CA35B-0BE8-46E9-B040-467CDFCC3613}
		{1500968F-FCE5-436B-AAF0-3ED632D68564} = {C78F6DB3-3E86-4514-A4DD-209E0438BA66}
		{914B44BD-48A8-4EAC-89CD-4235B1969AF6} = {AA671CBF-03FF-47E9-AB68-FA6DC7DD0DB2}
		{15F318B6-B093-43A8-97BE-BF6776BB4B60} = {24A96FC4-B81C-4C8A-82FB-B1A4D1C6B8B2}
		{150AB54A-BC25-493D-A90C-98A43D80A6B4} = {5D85C26B-6F84-4CC2-866B-700FF1B689C8}
		{D2D99620-64F5-45C2-A04C-BB4A81E7CD9F} = {5D85C26B-6F84-4CC2-866B-700FF1B689C8}
		{5188B560-C811-4F96-B074-2F02CD5A00CB} = {C78F6DB3-3E86-4514-A4DD-209E0438BA66}
		{436874C6-F17E-4C66-8F97-C8E2A9BF0041} = {481AEFBF-E859-4331-AB5D-B3AA24B25370}
		{ECDB3F24-9080-412C-BA43-651D2D4114D1} = {436874C6-F17E-4C66-8F97-C8E2A9BF0041}
		{BE067813-E714-4CCD-AD23-9A9A1B66BEA0} = {8CF3757F-A70B-4672-BF1E-8A98B9EF7E67}
		{800E2B61-4879-4987-9727-CC4E66E78CB6} = {BE067813-E714-4CCD-AD23-9A9A1B66BEA0}
	EndGlobalSection
EndGlobal
